
Microsoft Visual Studio Solution File, Format Version 12.00
# Visual Studio 15
VisualStudioVersion = 15.0.27703.2042
MinimumVisualStudioVersion = 10.0.40219.1
Project("{FAE04EC0-301F-11D3-BF4B-00C04F79EFBC}") = "Indieteur.VDFAPI", "VDFStream\Indieteur.VDFAPI.csproj", "{05236275-3DB7-49AD-9EFD-3C2AEB333E91}"
EndProject
Project("{FAE04EC0-301F-11D3-BF4B-00C04F79EFBC}") = "Demo", "Demo\Demo.csproj", "{A2271014-E921-4924-AED4-2D8DDFC0D991}"
EndProject
Project("{FAE04EC0-301F-11D3-BF4B-00C04F79EFBC}") = "Indieteur.SAMAPI", "SAMAPI\Indieteur.SAMAPI.csproj", "{94F109F8-516A-474E-A10B-2944A00ABC2C}"
EndProject
Global
	GlobalSection(SolutionConfigurationPlatforms) = preSolution
		Debug|Any CPU = Debug|Any CPU
		Debug|x64 = Debug|x64
		Release|Any CPU = Release|Any CPU
		Release|x64 = Release|x64
	EndGlobalSection
	GlobalSection(ProjectConfigurationPlatforms) = postSolution
		{05236275-3DB7-49AD-9EFD-3C2AEB333E91}.Debug|Any CPU.ActiveCfg = Debug|Any CPU
		{05236275-3DB7-49AD-9EFD-3C2AEB333E91}.Debug|Any CPU.Build.0 = Debug|Any CPU
		{05236275-3DB7-49AD-9EFD-3C2AEB333E91}.Debug|x64.ActiveCfg = Debug|Any CPU
		{05236275-3DB7-49AD-9EFD-3C2AEB333E91}.Debug|x64.Build.0 = Debug|Any CPU
		{05236275-3DB7-49AD-9EFD-3C2AEB333E91}.Release|Any CPU.ActiveCfg = Release|Any CPU
		{05236275-3DB7-49AD-9EFD-3C2AEB333E91}.Release|Any CPU.Build.0 = Release|Any CPU
		{05236275-3DB7-49AD-9EFD-3C2AEB333E91}.Release|x64.ActiveCfg = Release|Any CPU
		{05236275-3DB7-49AD-9EFD-3C2AEB333E91}.Release|x64.Build.0 = Release|Any CPU
		{A2271014-E921-4924-AED4-2D8DDFC0D991}.Debug|Any CPU.ActiveCfg = Debug|Any CPU
		{A2271014-E921-4924-AED4-2D8DDFC0D991}.Debug|Any CPU.Build.0 = Debug|Any CPU
		{A2271014-E921-4924-AED4-2D8DDFC0D991}.Debug|x64.ActiveCfg = Debug|x64
		{A2271014-E921-4924-AED4-2D8DDFC0D991}.Debug|x64.Build.0 = Debug|x64
		{A2271014-E921-4924-AED4-2D8DDFC0D991}.Release|Any CPU.ActiveCfg = Release|Any CPU
		{A2271014-E921-4924-AED4-2D8DDFC0D991}.Release|Any CPU.Build.0 = Release|Any CPU
		{A2271014-E921-4924-AED4-2D8DDFC0D991}.Release|x64.ActiveCfg = Release|Any CPU
		{A2271014-E921-4924-AED4-2D8DDFC0D991}.Release|x64.Build.0 = Release|Any CPU
		{94F109F8-516A-474E-A10B-2944A00ABC2C}.Debug|Any CPU.ActiveCfg = Debug|Any CPU
		{94F109F8-516A-474E-A10B-2944A00ABC2C}.Debug|Any CPU.Build.0 = Debug|Any CPU
		{94F109F8-516A-474E-A10B-2944A00ABC2C}.Debug|x64.ActiveCfg = Debug|Any CPU
		{94F109F8-516A-474E-A10B-2944A00ABC2C}.Debug|x64.Build.0 = Debug|Any CPU
		{94F109F8-516A-474E-A10B-2944A00ABC2C}.Release|Any CPU.ActiveCfg = Release|Any CPU
		{94F109F8-516A-474E-A10B-2944A00ABC2C}.Release|Any CPU.Build.0 = Release|Any CPU
		{94F109F8-516A-474E-A10B-2944A00ABC2C}.Release|x64.ActiveCfg = Release|Any CPU
		{94F109F8-516A-474E-A10B-2944A00ABC2C}.Release|x64.Build.0 = Release|Any CPU
	EndGlobalSection
	GlobalSection(SolutionProperties) = preSolution
		HideSolutionNode = FALSE
	EndGlobalSection
	GlobalSection(ExtensibilityGlobals) = postSolution
		SolutionGuid = {003CC76C-8878-4EF9-8956-E7603FDCD526}
	EndGlobalSection
EndGlobal
